// !$*UTF8*$!
{
	archiveVersion = 1;
	classes = {
	};
	objectVersion = 56;
	objects = {

/* Begin PBXBuildFile section */
		60CE7DFE57756145968044D3 /* Pods_NewsLine.framework in Frameworks */ = {isa = PBXBuildFile; fileRef = CD86DB2D9054CC26FE653C82 /* Pods_NewsLine.framework */; };
		85F19C4A2AA21159005842AA /* NewsLineApp.swift in Sources */ = {isa = PBXBuildFile; fileRef = 85F19C492AA21159005842AA /* NewsLineApp.swift */; };
		85F19C4C2AA21159005842AA /* MainView.swift in Sources */ = {isa = PBXBuildFile; fileRef = 85F19C4B2AA21159005842AA /* MainView.swift */; };
		85F19C4E2AA2115B005842AA /* Assets.xcassets in Resources */ = {isa = PBXBuildFile; fileRef = 85F19C4D2AA2115B005842AA /* Assets.xcassets */; };
		85F19C512AA2115B005842AA /* Preview Assets.xcassets in Resources */ = {isa = PBXBuildFile; fileRef = 85F19C502AA2115B005842AA /* Preview Assets.xcassets */; };
		85F19C5B2AA2115C005842AA /* NewsLineTests.swift in Sources */ = {isa = PBXBuildFile; fileRef = 85F19C5A2AA2115C005842AA /* NewsLineTests.swift */; };
		85F19C652AA2115C005842AA /* NewsLineUITests.swift in Sources */ = {isa = PBXBuildFile; fileRef = 85F19C642AA2115C005842AA /* NewsLineUITests.swift */; };
		85F19C672AA2115C005842AA /* NewsLineUITestsLaunchTests.swift in Sources */ = {isa = PBXBuildFile; fileRef = 85F19C662AA2115C005842AA /* NewsLineUITestsLaunchTests.swift */; };
		85F19C752AA217C7005842AA /* ContainerExtension.swift in Sources */ = {isa = PBXBuildFile; fileRef = 85F19C742AA217C7005842AA /* ContainerExtension.swift */; };
		85F19C782AA218E0005842AA /* AppAssembly.swift in Sources */ = {isa = PBXBuildFile; fileRef = 85F19C772AA218E0005842AA /* AppAssembly.swift */; };
		85F19C7A2AA21A63005842AA /* Router.swift in Sources */ = {isa = PBXBuildFile; fileRef = 85F19C792AA21A63005842AA /* Router.swift */; };
		85F19C7D2AA21CA2005842AA /* MainViewModel.swift in Sources */ = {isa = PBXBuildFile; fileRef = 85F19C7C2AA21CA2005842AA /* MainViewModel.swift */; };
		85F19C802AA21E73005842AA /* DetailView.swift in Sources */ = {isa = PBXBuildFile; fileRef = 85F19C7F2AA21E73005842AA /* DetailView.swift */; };
		85F19C822AA21E81005842AA /* DetailViewModel.swift in Sources */ = {isa = PBXBuildFile; fileRef = 85F19C812AA21E81005842AA /* DetailViewModel.swift */; };
		85F19C852AA22158005842AA /* Repository.swift in Sources */ = {isa = PBXBuildFile; fileRef = 85F19C842AA22158005842AA /* Repository.swift */; };
		9505FC77C11570A759D193B0 /* Pods_NewsLineTests.framework in Frameworks */ = {isa = PBXBuildFile; fileRef = 05369058790CAE103F349175 /* Pods_NewsLineTests.framework */; };
		C159AEA9B4F38A9E52000D90 /* Pods_NewsLine_NewsLineUITests.framework in Frameworks */ = {isa = PBXBuildFile; fileRef = 5047B62173667187E090F9D5 /* Pods_NewsLine_NewsLineUITests.framework */; };
/* End PBXBuildFile section */

/* Begin PBXContainerItemProxy section */
		85F19C572AA2115C005842AA /* PBXContainerItemProxy */ = {
			isa = PBXContainerItemProxy;
			containerPortal = 85F19C3E2AA21159005842AA /* Project object */;
			proxyType = 1;
			remoteGlobalIDString = 85F19C452AA21159005842AA;
			remoteInfo = NewsLine;
		};
		85F19C612AA2115C005842AA /* PBXContainerItemProxy */ = {
			isa = PBXContainerItemProxy;
			containerPortal = 85F19C3E2AA21159005842AA /* Project object */;
			proxyType = 1;
			remoteGlobalIDString = 85F19C452AA21159005842AA;
			remoteInfo = NewsLine;
		};
/* End PBXContainerItemProxy section */

/* Begin PBXFileReference section */
		05369058790CAE103F349175 /* Pods_NewsLineTests.framework */ = {isa = PBXFileReference; explicitFileType = wrapper.framework; includeInIndex = 0; path = Pods_NewsLineTests.framework; sourceTree = BUILT_PRODUCTS_DIR; };
		4E4AEDAD7B3135DEB035386D /* Pods-NewsLine.debug.xcconfig */ = {isa = PBXFileReference; includeInIndex = 1; lastKnownFileType = text.xcconfig; name = "Pods-NewsLine.debug.xcconfig"; path = "Target Support Files/Pods-NewsLine/Pods-NewsLine.debug.xcconfig"; sourceTree = "<group>"; };
		5047B62173667187E090F9D5 /* Pods_NewsLine_NewsLineUITests.framework */ = {isa = PBXFileReference; explicitFileType = wrapper.framework; includeInIndex = 0; path = Pods_NewsLine_NewsLineUITests.framework; sourceTree = BUILT_PRODUCTS_DIR; };
		85F19C462AA21159005842AA /* NewsLine.app */ = {isa = PBXFileReference; explicitFileType = wrapper.application; includeInIndex = 0; path = NewsLine.app; sourceTree = BUILT_PRODUCTS_DIR; };
		85F19C492AA21159005842AA /* NewsLineApp.swift */ = {isa = PBXFileReference; lastKnownFileType = sourcecode.swift; path = NewsLineApp.swift; sourceTree = "<group>"; };
		85F19C4B2AA21159005842AA /* MainView.swift */ = {isa = PBXFileReference; lastKnownFileType = sourcecode.swift; path = MainView.swift; sourceTree = "<group>"; };
		85F19C4D2AA2115B005842AA /* Assets.xcassets */ = {isa = PBXFileReference; lastKnownFileType = folder.assetcatalog; path = Assets.xcassets; sourceTree = "<group>"; };
		85F19C502AA2115B005842AA /* Preview Assets.xcassets */ = {isa = PBXFileReference; lastKnownFileType = folder.assetcatalog; path = "Preview Assets.xcassets"; sourceTree = "<group>"; };
		85F19C562AA2115C005842AA /* NewsLineTests.xctest */ = {isa = PBXFileReference; explicitFileType = wrapper.cfbundle; includeInIndex = 0; path = NewsLineTests.xctest; sourceTree = BUILT_PRODUCTS_DIR; };
		85F19C5A2AA2115C005842AA /* NewsLineTests.swift */ = {isa = PBXFileReference; lastKnownFileType = sourcecode.swift; path = NewsLineTests.swift; sourceTree = "<group>"; };
		85F19C602AA2115C005842AA /* NewsLineUITests.xctest */ = {isa = PBXFileReference; explicitFileType = wrapper.cfbundle; includeInIndex = 0; path = NewsLineUITests.xctest; sourceTree = BUILT_PRODUCTS_DIR; };
		85F19C642AA2115C005842AA /* NewsLineUITests.swift */ = {isa = PBXFileReference; lastKnownFileType = sourcecode.swift; path = NewsLineUITests.swift; sourceTree = "<group>"; };
		85F19C662AA2115C005842AA /* NewsLineUITestsLaunchTests.swift */ = {isa = PBXFileReference; lastKnownFileType = sourcecode.swift; path = NewsLineUITestsLaunchTests.swift; sourceTree = "<group>"; };
		85F19C742AA217C7005842AA /* ContainerExtension.swift */ = {isa = PBXFileReference; lastKnownFileType = sourcecode.swift; path = ContainerExtension.swift; sourceTree = "<group>"; };
		85F19C772AA218E0005842AA /* AppAssembly.swift */ = {isa = PBXFileReference; lastKnownFileType = sourcecode.swift; path = AppAssembly.swift; sourceTree = "<group>"; };
		85F19C792AA21A63005842AA /* Router.swift */ = {isa = PBXFileReference; lastKnownFileType = sourcecode.swift; path = Router.swift; sourceTree = "<group>"; };
		85F19C7C2AA21CA2005842AA /* MainViewModel.swift */ = {isa = PBXFileReference; lastKnownFileType = sourcecode.swift; path = MainViewModel.swift; sourceTree = "<group>"; };
		85F19C7F2AA21E73005842AA /* DetailView.swift */ = {isa = PBXFileReference; lastKnownFileType = sourcecode.swift; path = DetailView.swift; sourceTree = "<group>"; };
		85F19C812AA21E81005842AA /* DetailViewModel.swift */ = {isa = PBXFileReference; lastKnownFileType = sourcecode.swift; path = DetailViewModel.swift; sourceTree = "<group>"; };
		85F19C842AA22158005842AA /* Repository.swift */ = {isa = PBXFileReference; lastKnownFileType = sourcecode.swift; path = Repository.swift; sourceTree = "<group>"; };
		C029A8DD266738AA05273827 /* Pods-NewsLineTests.release.xcconfig */ = {isa = PBXFileReference; includeInIndex = 1; lastKnownFileType = text.xcconfig; name = "Pods-NewsLineTests.release.xcconfig"; path = "Target Support Files/Pods-NewsLineTests/Pods-NewsLineTests.release.xcconfig"; sourceTree = "<group>"; };
		CD86DB2D9054CC26FE653C82 /* Pods_NewsLine.framework */ = {isa = PBXFileReference; explicitFileType = wrapper.framework; includeInIndex = 0; path = Pods_NewsLine.framework; sourceTree = BUILT_PRODUCTS_DIR; };
		D2B39E27CE703ECE1D9837B0 /* Pods-NewsLineTests.debug.xcconfig */ = {isa = PBXFileReference; includeInIndex = 1; lastKnownFileType = text.xcconfig; name = "Pods-NewsLineTests.debug.xcconfig"; path = "Target Support Files/Pods-NewsLineTests/Pods-NewsLineTests.debug.xcconfig"; sourceTree = "<group>"; };
		D7F6D2850FC2F18E38F77B75 /* Pods-NewsLine.release.xcconfig */ = {isa = PBXFileReference; includeInIndex = 1; lastKnownFileType = text.xcconfig; name = "Pods-NewsLine.release.xcconfig"; path = "Target Support Files/Pods-NewsLine/Pods-NewsLine.release.xcconfig"; sourceTree = "<group>"; };
		DDE508A2991BDDFEB61D070B /* Pods-NewsLine-NewsLineUITests.debug.xcconfig */ = {isa = PBXFileReference; includeInIndex = 1; lastKnownFileType = text.xcconfig; name = "Pods-NewsLine-NewsLineUITests.debug.xcconfig"; path = "Target Support Files/Pods-NewsLine-NewsLineUITests/Pods-NewsLine-NewsLineUITests.debug.xcconfig"; sourceTree = "<group>"; };
		F13DD4802EF399A71E30DCD4 /* Pods-NewsLine-NewsLineUITests.release.xcconfig */ = {isa = PBXFileReference; includeInIndex = 1; lastKnownFileType = text.xcconfig; name = "Pods-NewsLine-NewsLineUITests.release.xcconfig"; path = "Target Support Files/Pods-NewsLine-NewsLineUITests/Pods-NewsLine-NewsLineUITests.release.xcconfig"; sourceTree = "<group>"; };
/* End PBXFileReference section */

/* Begin PBXFrameworksBuildPhase section */
		85F19C432AA21159005842AA /* Frameworks */ = {
			isa = PBXFrameworksBuildPhase;
			buildActionMask = 2147483647;
			files = (
				60CE7DFE57756145968044D3 /* Pods_NewsLine.framework in Frameworks */,
			);
			runOnlyForDeploymentPostprocessing = 0;
		};
		85F19C532AA2115C005842AA /* Frameworks */ = {
			isa = PBXFrameworksBuildPhase;
			buildActionMask = 2147483647;
			files = (
				9505FC77C11570A759D193B0 /* Pods_NewsLineTests.framework in Frameworks */,
			);
			runOnlyForDeploymentPostprocessing = 0;
		};
		85F19C5D2AA2115C005842AA /* Frameworks */ = {
			isa = PBXFrameworksBuildPhase;
			buildActionMask = 2147483647;
			files = (
				C159AEA9B4F38A9E52000D90 /* Pods_NewsLine_NewsLineUITests.framework in Frameworks */,
			);
			runOnlyForDeploymentPostprocessing = 0;
		};
/* End PBXFrameworksBuildPhase section */

/* Begin PBXGroup section */
		17D580B609541A214E12536D /* Frameworks */ = {
			isa = PBXGroup;
			children = (
				CD86DB2D9054CC26FE653C82 /* Pods_NewsLine.framework */,
				5047B62173667187E090F9D5 /* Pods_NewsLine_NewsLineUITests.framework */,
				05369058790CAE103F349175 /* Pods_NewsLineTests.framework */,
			);
			name = Frameworks;
			sourceTree = "<group>";
		};
		6748E02130B4B26428714FE3 /* Pods */ = {
			isa = PBXGroup;
			children = (
				4E4AEDAD7B3135DEB035386D /* Pods-NewsLine.debug.xcconfig */,
				D7F6D2850FC2F18E38F77B75 /* Pods-NewsLine.release.xcconfig */,
				DDE508A2991BDDFEB61D070B /* Pods-NewsLine-NewsLineUITests.debug.xcconfig */,
				F13DD4802EF399A71E30DCD4 /* Pods-NewsLine-NewsLineUITests.release.xcconfig */,
				D2B39E27CE703ECE1D9837B0 /* Pods-NewsLineTests.debug.xcconfig */,
				C029A8DD266738AA05273827 /* Pods-NewsLineTests.release.xcconfig */,
			);
			path = Pods;
			sourceTree = "<group>";
		};
		85F19C3D2AA21159005842AA = {
			isa = PBXGroup;
			children = (
				85F19C482AA21159005842AA /* NewsLine */,
				85F19C592AA2115C005842AA /* NewsLineTests */,
				85F19C632AA2115C005842AA /* NewsLineUITests */,
				85F19C472AA21159005842AA /* Products */,
				6748E02130B4B26428714FE3 /* Pods */,
				17D580B609541A214E12536D /* Frameworks */,
			);
			sourceTree = "<group>";
		};
		85F19C472AA21159005842AA /* Products */ = {
			isa = PBXGroup;
			children = (
				85F19C462AA21159005842AA /* NewsLine.app */,
				85F19C562AA2115C005842AA /* NewsLineTests.xctest */,
				85F19C602AA2115C005842AA /* NewsLineUITests.xctest */,
			);
			name = Products;
			sourceTree = "<group>";
		};
		85F19C482AA21159005842AA /* NewsLine */ = {
			isa = PBXGroup;
			children = (
				85F19C492AA21159005842AA /* NewsLineApp.swift */,
				85F19C792AA21A63005842AA /* Router.swift */,
				85F19C732AA217AA005842AA /* Extensions */,
				85F19C762AA218C0005842AA /* DI */,
				85F19C832AA22128005842AA /* Network */,
				85F19C7B2AA21C1B005842AA /* MainView */,
				85F19C7E2AA21E44005842AA /* DetailView */,
				85F19C4D2AA2115B005842AA /* Assets.xcassets */,
				85F19C4F2AA2115B005842AA /* Preview Content */,
			);
			path = NewsLine;
			sourceTree = "<group>";
		};
		85F19C4F2AA2115B005842AA /* Preview Content */ = {
			isa = PBXGroup;
			children = (
				85F19C502AA2115B005842AA /* Preview Assets.xcassets */,
			);
			path = "Preview Content";
			sourceTree = "<group>";
		};
		85F19C592AA2115C005842AA /* NewsLineTests */ = {
			isa = PBXGroup;
			children = (
				85F19C5A2AA2115C005842AA /* NewsLineTests.swift */,
			);
			path = NewsLineTests;
			sourceTree = "<group>";
		};
		85F19C632AA2115C005842AA /* NewsLineUITests */ = {
			isa = PBXGroup;
			children = (
				85F19C642AA2115C005842AA /* NewsLineUITests.swift */,
				85F19C662AA2115C005842AA /* NewsLineUITestsLaunchTests.swift */,
			);
			path = NewsLineUITests;
			sourceTree = "<group>";
		};
		85F19C732AA217AA005842AA /* Extensions */ = {
			isa = PBXGroup;
			children = (
				85F19C742AA217C7005842AA /* ContainerExtension.swift */,
			);
			path = Extensions;
			sourceTree = "<group>";
		};
		85F19C762AA218C0005842AA /* DI */ = {
			isa = PBXGroup;
			children = (
				85F19C772AA218E0005842AA /* AppAssembly.swift */,
			);
			path = DI;
			sourceTree = "<group>";
		};
		85F19C7B2AA21C1B005842AA /* MainView */ = {
			isa = PBXGroup;
			children = (
				85F19C4B2AA21159005842AA /* MainView.swift */,
				85F19C7C2AA21CA2005842AA /* MainViewModel.swift */,
			);
			path = MainView;
			sourceTree = "<group>";
		};
		85F19C7E2AA21E44005842AA /* DetailView */ = {
			isa = PBXGroup;
			children = (
				85F19C7F2AA21E73005842AA /* DetailView.swift */,
				85F19C812AA21E81005842AA /* DetailViewModel.swift */,
			);
			path = DetailView;
			sourceTree = "<group>";
		};
		85F19C832AA22128005842AA /* Network */ = {
			isa = PBXGroup;
			children = (
				85F19C842AA22158005842AA /* Repository.swift */,
			);
			path = Network;
			sourceTree = "<group>";
		};
/* End PBXGroup section */

/* Begin PBXNativeTarget section */
		85F19C452AA21159005842AA /* NewsLine */ = {
			isa = PBXNativeTarget;
			buildConfigurationList = 85F19C6A2AA2115C005842AA /* Build configuration list for PBXNativeTarget "NewsLine" */;
			buildPhases = (
				E45378FC25C31730622A6A25 /* [CP] Check Pods Manifest.lock */,
				85F19C422AA21159005842AA /* Sources */,
				85F19C432AA21159005842AA /* Frameworks */,
				85F19C442AA21159005842AA /* Resources */,
				69EDDC435147C78C3CD090AE /* [CP] Embed Pods Frameworks */,
			);
			buildRules = (
			);
			dependencies = (
			);
			name = NewsLine;
			productName = NewsLine;
			productReference = 85F19C462AA21159005842AA /* NewsLine.app */;
			productType = "com.apple.product-type.application";
		};
		85F19C552AA2115C005842AA /* NewsLineTests */ = {
			isa = PBXNativeTarget;
			buildConfigurationList = 85F19C6D2AA2115C005842AA /* Build configuration list for PBXNativeTarget "NewsLineTests" */;
			buildPhases = (
				3D42EA8882245E2200524B5A /* [CP] Check Pods Manifest.lock */,
				85F19C522AA2115C005842AA /* Sources */,
				85F19C532AA2115C005842AA /* Frameworks */,
				85F19C542AA2115C005842AA /* Resources */,
			);
			buildRules = (
			);
			dependencies = (
				85F19C582AA2115C005842AA /* PBXTargetDependency */,
			);
			name = NewsLineTests;
			productName = NewsLineTests;
			productReference = 85F19C562AA2115C005842AA /* NewsLineTests.xctest */;
			productType = "com.apple.product-type.bundle.unit-test";
		};
		85F19C5F2AA2115C005842AA /* NewsLineUITests */ = {
			isa = PBXNativeTarget;
			buildConfigurationList = 85F19C702AA2115C005842AA /* Build configuration list for PBXNativeTarget "NewsLineUITests" */;
			buildPhases = (
				67169D542AD21C0A1768C8E7 /* [CP] Check Pods Manifest.lock */,
				85F19C5C2AA2115C005842AA /* Sources */,
				85F19C5D2AA2115C005842AA /* Frameworks */,
				85F19C5E2AA2115C005842AA /* Resources */,
				692B835A2AB9DD76A571D197 /* [CP] Embed Pods Frameworks */,
			);
			buildRules = (
			);
			dependencies = (
				85F19C622AA2115C005842AA /* PBXTargetDependency */,
			);
			name = NewsLineUITests;
			productName = NewsLineUITests;
			productReference = 85F19C602AA2115C005842AA /* NewsLineUITests.xctest */;
			productType = "com.apple.product-type.bundle.ui-testing";
		};
/* End PBXNativeTarget section */

/* Begin PBXProject section */
		85F19C3E2AA21159005842AA /* Project object */ = {
			isa = PBXProject;
			attributes = {
				BuildIndependentTargetsInParallel = 1;
				LastSwiftUpdateCheck = 1420;
				LastUpgradeCheck = 1420;
				TargetAttributes = {
					85F19C452AA21159005842AA = {
						CreatedOnToolsVersion = 14.2;
					};
					85F19C552AA2115C005842AA = {
						CreatedOnToolsVersion = 14.2;
						TestTargetID = 85F19C452AA21159005842AA;
					};
					85F19C5F2AA2115C005842AA = {
						CreatedOnToolsVersion = 14.2;
						TestTargetID = 85F19C452AA21159005842AA;
					};
				};
			};
			buildConfigurationList = 85F19C412AA21159005842AA /* Build configuration list for PBXProject "NewsLine" */;
			compatibilityVersion = "Xcode 14.0";
			developmentRegion = en;
			hasScannedForEncodings = 0;
			knownRegions = (
				en,
				Base,
			);
			mainGroup = 85F19C3D2AA21159005842AA;
			productRefGroup = 85F19C472AA21159005842AA /* Products */;
			projectDirPath = "";
			projectRoot = "";
			targets = (
				85F19C452AA21159005842AA /* NewsLine */,
				85F19C552AA2115C005842AA /* NewsLineTests */,
				85F19C5F2AA2115C005842AA /* NewsLineUITests */,
			);
		};
/* End PBXProject section */

/* Begin PBXResourcesBuildPhase section */
		85F19C442AA21159005842AA /* Resources */ = {
			isa = PBXResourcesBuildPhase;
			buildActionMask = 2147483647;
			files = (
				85F19C512AA2115B005842AA /* Preview Assets.xcassets in Resources */,
				85F19C4E2AA2115B005842AA /* Assets.xcassets in Resources */,
			);
			runOnlyForDeploymentPostprocessing = 0;
		};
		85F19C542AA2115C005842AA /* Resources */ = {
			isa = PBXResourcesBuildPhase;
			buildActionMask = 2147483647;
			files = (
			);
			runOnlyForDeploymentPostprocessing = 0;
		};
		85F19C5E2AA2115C005842AA /* Resources */ = {
			isa = PBXResourcesBuildPhase;
			buildActionMask = 2147483647;
			files = (
			);
			runOnlyForDeploymentPostprocessing = 0;
		};
/* End PBXResourcesBuildPhase section */

/* Begin PBXShellScriptBuildPhase section */
		3D42EA8882245E2200524B5A /* [CP] Check Pods Manifest.lock */ = {
			isa = PBXShellScriptBuildPhase;
			buildActionMask = 2147483647;
			files = (
			);
			inputFileListPaths = (
			);
			inputPaths = (
				"${PODS_PODFILE_DIR_PATH}/Podfile.lock",
				"${PODS_ROOT}/Manifest.lock",
			);
			name = "[CP] Check Pods Manifest.lock";
			outputFileListPaths = (
			);
			outputPaths = (
				"$(DERIVED_FILE_DIR)/Pods-NewsLineTests-checkManifestLockResult.txt",
			);
			runOnlyForDeploymentPostprocessing = 0;
			shellPath = /bin/sh;
			shellScript = "diff \"${PODS_PODFILE_DIR_PATH}/Podfile.lock\" \"${PODS_ROOT}/Manifest.lock\" > /dev/null\nif [ $? != 0 ] ; then\n    # print error to STDERR\n    echo \"error: The sandbox is not in sync with the Podfile.lock. Run 'pod install' or update your CocoaPods installation.\" >&2\n    exit 1\nfi\n# This output is used by Xcode 'outputs' to avoid re-running this script phase.\necho \"SUCCESS\" > \"${SCRIPT_OUTPUT_FILE_0}\"\n";
			showEnvVarsInLog = 0;
		};
		67169D542AD21C0A1768C8E7 /* [CP] Check Pods Manifest.lock */ = {
			isa = PBXShellScriptBuildPhase;
			buildActionMask = 2147483647;
			files = (
			);
			inputFileListPaths = (
			);
			inputPaths = (
				"${PODS_PODFILE_DIR_PATH}/Podfile.lock",
				"${PODS_ROOT}/Manifest.lock",
			);
			name = "[CP] Check Pods Manifest.lock";
			outputFileListPaths = (
			);
			outputPaths = (
				"$(DERIVED_FILE_DIR)/Pods-NewsLine-NewsLineUITests-checkManifestLockResult.txt",
			);
			runOnlyForDeploymentPostprocessing = 0;
			shellPath = /bin/sh;
			shellScript = "diff \"${PODS_PODFILE_DIR_PATH}/Podfile.lock\" \"${PODS_ROOT}/Manifest.lock\" > /dev/null\nif [ $? != 0 ] ; then\n    # print error to STDERR\n    echo \"error: The sandbox is not in sync with the Podfile.lock. Run 'pod install' or update your CocoaPods installation.\" >&2\n    exit 1\nfi\n# This output is used by Xcode 'outputs' to avoid re-running this script phase.\necho \"SUCCESS\" > \"${SCRIPT_OUTPUT_FILE_0}\"\n";
			showEnvVarsInLog = 0;
		};
		692B835A2AB9DD76A571D197 /* [CP] Embed Pods Frameworks */ = {
			isa = PBXShellScriptBuildPhase;
			buildActionMask = 2147483647;
			files = (
			);
			inputFileListPaths = (
				"${PODS_ROOT}/Target Support Files/Pods-NewsLine-NewsLineUITests/Pods-NewsLine-NewsLineUITests-frameworks-${CONFIGURATION}-input-files.xcfilelist",
			);
			name = "[CP] Embed Pods Frameworks";
			outputFileListPaths = (
				"${PODS_ROOT}/Target Support Files/Pods-NewsLine-NewsLineUITests/Pods-NewsLine-NewsLineUITests-frameworks-${CONFIGURATION}-output-files.xcfilelist",
			);
			runOnlyForDeploymentPostprocessing = 0;
			shellPath = /bin/sh;
			shellScript = "\"${PODS_ROOT}/Target Support Files/Pods-NewsLine-NewsLineUITests/Pods-NewsLine-NewsLineUITests-frameworks.sh\"\n";
			showEnvVarsInLog = 0;
		};
		69EDDC435147C78C3CD090AE /* [CP] Embed Pods Frameworks */ = {
			isa = PBXShellScriptBuildPhase;
			buildActionMask = 2147483647;
			files = (
			);
			inputFileListPaths = (
				"${PODS_ROOT}/Target Support Files/Pods-NewsLine/Pods-NewsLine-frameworks-${CONFIGURATION}-input-files.xcfilelist",
			);
			name = "[CP] Embed Pods Frameworks";
			outputFileListPaths = (
				"${PODS_ROOT}/Target Support Files/Pods-NewsLine/Pods-NewsLine-frameworks-${CONFIGURATION}-output-files.xcfilelist",
			);
			runOnlyForDeploymentPostprocessing = 0;
			shellPath = /bin/sh;
			shellScript = "\"${PODS_ROOT}/Target Support Files/Pods-NewsLine/Pods-NewsLine-frameworks.sh\"\n";
			showEnvVarsInLog = 0;
		};
		E45378FC25C31730622A6A25 /* [CP] Check Pods Manifest.lock */ = {
			isa = PBXShellScriptBuildPhase;
			buildActionMask = 2147483647;
			files = (
			);
			inputFileListPaths = (
			);
			inputPaths = (
				"${PODS_PODFILE_DIR_PATH}/Podfile.lock",
				"${PODS_ROOT}/Manifest.lock",
			);
			name = "[CP] Check Pods Manifest.lock";
			outputFileListPaths = (
			);
			outputPaths = (
				"$(DERIVED_FILE_DIR)/Pods-NewsLine-checkManifestLockResult.txt",
			);
			runOnlyForDeploymentPostprocessing = 0;
			shellPath = /bin/sh;
			shellScript = "diff \"${PODS_PODFILE_DIR_PATH}/Podfile.lock\" \"${PODS_ROOT}/Manifest.lock\" > /dev/null\nif [ $? != 0 ] ; then\n    # print error to STDERR\n    echo \"error: The sandbox is not in sync with the Podfile.lock. Run 'pod install' or update your CocoaPods installation.\" >&2\n    exit 1\nfi\n# This output is used by Xcode 'outputs' to avoid re-running this script phase.\necho \"SUCCESS\" > \"${SCRIPT_OUTPUT_FILE_0}\"\n";
			showEnvVarsInLog = 0;
		};
/* End PBXShellScriptBuildPhase section */

/* Begin PBXSourcesBuildPhase section */
		85F19C422AA21159005842AA /* Sources */ = {
			isa = PBXSourcesBuildPhase;
			buildActionMask = 2147483647;
			files = (
				85F19C752AA217C7005842AA /* ContainerExtension.swift in Sources */,
				85F19C782AA218E0005842AA /* AppAssembly.swift in Sources */,
				85F19C7A2AA21A63005842AA /* Router.swift in Sources */,
				85F19C802AA21E73005842AA /* DetailView.swift in Sources */,
				85F19C4C2AA21159005842AA /* MainView.swift in Sources */,
				85F19C4A2AA21159005842AA /* NewsLineApp.swift in Sources */,
				85F19C7D2AA21CA2005842AA /* MainViewModel.swift in Sources */,
				85F19C822AA21E81005842AA /* DetailViewModel.swift in Sources */,
				85F19C852AA22158005842AA /* Repository.swift in Sources */,
			);
			runOnlyForDeploymentPostprocessing = 0;
		};
		85F19C522AA2115C005842AA /* Sources */ = {
			isa = PBXSourcesBuildPhase;
			buildActionMask = 2147483647;
			files = (
				85F19C5B2AA2115C005842AA /* NewsLineTests.swift in Sources */,
			);
			runOnlyForDeploymentPostprocessing = 0;
		};
		85F19C5C2AA2115C005842AA /* Sources */ = {
			isa = PBXSourcesBuildPhase;
			buildActionMask = 2147483647;
			files = (
				85F19C672AA2115C005842AA /* NewsLineUITestsLaunchTests.swift in Sources */,
				85F19C652AA2115C005842AA /* NewsLineUITests.swift in Sources */,
			);
			runOnlyForDeploymentPostprocessing = 0;
		};
/* End PBXSourcesBuildPhase section */

/* Begin PBXTargetDependency section */
		85F19C582AA2115C005842AA /* PBXTargetDependency */ = {
			isa = PBXTargetDependency;
			target = 85F19C452AA21159005842AA /* NewsLine */;
			targetProxy = 85F19C572AA2115C005842AA /* PBXContainerItemProxy */;
		};
		85F19C622AA2115C005842AA /* PBXTargetDependency */ = {
			isa = PBXTargetDependency;
			target = 85F19C452AA21159005842AA /* NewsLine */;
			targetProxy = 85F19C612AA2115C005842AA /* PBXContainerItemProxy */;
		};
/* End PBXTargetDependency section */

/* Begin XCBuildConfiguration section */
		85F19C682AA2115C005842AA /* Debug */ = {
			isa = XCBuildConfiguration;
			buildSettings = {
				ALWAYS_SEARCH_USER_PATHS = NO;
				CLANG_ANALYZER_NONNULL = YES;
				CLANG_ANALYZER_NUMBER_OBJECT_CONVERSION = YES_AGGRESSIVE;
				CLANG_CXX_LANGUAGE_STANDARD = "gnu++20";
				CLANG_ENABLE_MODULES = YES;
				CLANG_ENABLE_OBJC_ARC = YES;
				CLANG_ENABLE_OBJC_WEAK = YES;
				CLANG_WARN_BLOCK_CAPTURE_AUTORELEASING = YES;
				CLANG_WARN_BOOL_CONVERSION = YES;
				CLANG_WARN_COMMA = YES;
				CLANG_WARN_CONSTANT_CONVERSION = YES;
				CLANG_WARN_DEPRECATED_OBJC_IMPLEMENTATIONS = YES;
				CLANG_WARN_DIRECT_OBJC_ISA_USAGE = YES_ERROR;
				CLANG_WARN_DOCUMENTATION_COMMENTS = YES;
				CLANG_WARN_EMPTY_BODY = YES;
				CLANG_WARN_ENUM_CONVERSION = YES;
				CLANG_WARN_INFINITE_RECURSION = YES;
				CLANG_WARN_INT_CONVERSION = YES;
				CLANG_WARN_NON_LITERAL_NULL_CONVERSION = YES;
				CLANG_WARN_OBJC_IMPLICIT_RETAIN_SELF = YES;
				CLANG_WARN_OBJC_LITERAL_CONVERSION = YES;
				CLANG_WARN_OBJC_ROOT_CLASS = YES_ERROR;
				CLANG_WARN_QUOTED_INCLUDE_IN_FRAMEWORK_HEADER = YES;
				CLANG_WARN_RANGE_LOOP_ANALYSIS = YES;
				CLANG_WARN_STRICT_PROTOTYPES = YES;
				CLANG_WARN_SUSPICIOUS_MOVE = YES;
				CLANG_WARN_UNGUARDED_AVAILABILITY = YES_AGGRESSIVE;
				CLANG_WARN_UNREACHABLE_CODE = YES;
				CLANG_WARN__DUPLICATE_METHOD_MATCH = YES;
				COPY_PHASE_STRIP = NO;
				DEBUG_INFORMATION_FORMAT = dwarf;
				ENABLE_STRICT_OBJC_MSGSEND = YES;
				ENABLE_TESTABILITY = YES;
				GCC_C_LANGUAGE_STANDARD = gnu11;
				GCC_DYNAMIC_NO_PIC = NO;
				GCC_NO_COMMON_BLOCKS = YES;
				GCC_OPTIMIZATION_LEVEL = 0;
				GCC_PREPROCESSOR_DEFINITIONS = (
					"DEBUG=1",
					"$(inherited)",
				);
				GCC_WARN_64_TO_32_BIT_CONVERSION = YES;
				GCC_WARN_ABOUT_RETURN_TYPE = YES_ERROR;
				GCC_WARN_UNDECLARED_SELECTOR = YES;
				GCC_WARN_UNINITIALIZED_AUTOS = YES_AGGRESSIVE;
				GCC_WARN_UNUSED_FUNCTION = YES;
				GCC_WARN_UNUSED_VARIABLE = YES;
				IPHONEOS_DEPLOYMENT_TARGET = 16.2;
				MTL_ENABLE_DEBUG_INFO = INCLUDE_SOURCE;
				MTL_FAST_MATH = YES;
				ONLY_ACTIVE_ARCH = YES;
				SDKROOT = iphoneos;
				SWIFT_ACTIVE_COMPILATION_CONDITIONS = DEBUG;
				SWIFT_OPTIMIZATION_LEVEL = "-Onone";
			};
			name = Debug;
		};
		85F19C692AA2115C005842AA /* Release */ = {
			isa = XCBuildConfiguration;
			buildSettings = {
				ALWAYS_SEARCH_USER_PATHS = NO;
				CLANG_ANALYZER_NONNULL = YES;
				CLANG_ANALYZER_NUMBER_OBJECT_CONVERSION = YES_AGGRESSIVE;
				CLANG_CXX_LANGUAGE_STANDARD = "gnu++20";
				CLANG_ENABLE_MODULES = YES;
				CLANG_ENABLE_OBJC_ARC = YES;
				CLANG_ENABLE_OBJC_WEAK = YES;
				CLANG_WARN_BLOCK_CAPTURE_AUTORELEASING = YES;
				CLANG_WARN_BOOL_CONVERSION = YES;
				CLANG_WARN_COMMA = YES;
				CLANG_WARN_CONSTANT_CONVERSION = YES;
				CLANG_WARN_DEPRECATED_OBJC_IMPLEMENTATIONS = YES;
				CLANG_WARN_DIRECT_OBJC_ISA_USAGE = YES_ERROR;
				CLANG_WARN_DOCUMENTATION_COMMENTS = YES;
				CLANG_WARN_EMPTY_BODY = YES;
				CLANG_WARN_ENUM_CONVERSION = YES;
				CLANG_WARN_INFINITE_RECURSION = YES;
				CLANG_WARN_INT_CONVERSION = YES;
				CLANG_WARN_NON_LITERAL_NULL_CONVERSION = YES;
				CLANG_WARN_OBJC_IMPLICIT_RETAIN_SELF = YES;
				CLANG_WARN_OBJC_LITERAL_CONVERSION = YES;
				CLANG_WARN_OBJC_ROOT_CLASS = YES_ERROR;
				CLANG_WARN_QUOTED_INCLUDE_IN_FRAMEWORK_HEADER = YES;
				CLANG_WARN_RANGE_LOOP_ANALYSIS = YES;
				CLANG_WARN_STRICT_PROTOTYPES = YES;
				CLANG_WARN_SUSPICIOUS_MOVE = YES;
				CLANG_WARN_UNGUARDED_AVAILABILITY = YES_AGGRESSIVE;
				CLANG_WARN_UNREACHABLE_CODE = YES;
				CLANG_WARN__DUPLICATE_METHOD_MATCH = YES;
				COPY_PHASE_STRIP = NO;
				DEBUG_INFORMATION_FORMAT = "dwarf-with-dsym";
				ENABLE_NS_ASSERTIONS = NO;
				ENABLE_STRICT_OBJC_MSGSEND = YES;
				GCC_C_LANGUAGE_STANDARD = gnu11;
				GCC_NO_COMMON_BLOCKS = YES;
				GCC_WARN_64_TO_32_BIT_CONVERSION = YES;
				GCC_WARN_ABOUT_RETURN_TYPE = YES_ERROR;
				GCC_WARN_UNDECLARED_SELECTOR = YES;
				GCC_WARN_UNINITIALIZED_AUTOS = YES_AGGRESSIVE;
				GCC_WARN_UNUSED_FUNCTION = YES;
				GCC_WARN_UNUSED_VARIABLE = YES;
				IPHONEOS_DEPLOYMENT_TARGET = 16.2;
				MTL_ENABLE_DEBUG_INFO = NO;
				MTL_FAST_MATH = YES;
				SDKROOT = iphoneos;
				SWIFT_COMPILATION_MODE = wholemodule;
				SWIFT_OPTIMIZATION_LEVEL = "-O";
				VALIDATE_PRODUCT = YES;
			};
			name = Release;
		};
		85F19C6B2AA2115C005842AA /* Debug */ = {
			isa = XCBuildConfiguration;
			baseConfigurationReference = 4E4AEDAD7B3135DEB035386D /* Pods-NewsLine.debug.xcconfig */;
			buildSettings = {
				ASSETCATALOG_COMPILER_APPICON_NAME = AppIcon;
				ASSETCATALOG_COMPILER_GLOBAL_ACCENT_COLOR_NAME = AccentColor;
				CODE_SIGN_STYLE = Automatic;
				CURRENT_PROJECT_VERSION = 1;
				DEVELOPMENT_ASSET_PATHS = "\"NewsLine/Preview Content\"";
				DEVELOPMENT_TEAM = NWJQXY2934;
				ENABLE_PREVIEWS = YES;
				GENERATE_INFOPLIST_FILE = YES;
				INFOPLIST_KEY_UIApplicationSceneManifest_Generation = YES;
				INFOPLIST_KEY_UIApplicationSupportsIndirectInputEvents = YES;
				INFOPLIST_KEY_UILaunchScreen_Generation = YES;
				INFOPLIST_KEY_UISupportedInterfaceOrientations = UIInterfaceOrientationPortrait;
				INFOPLIST_KEY_UISupportedInterfaceOrientations_iPad = "UIInterfaceOrientationLandscapeLeft UIInterfaceOrientationLandscapeRight UIInterfaceOrientationPortrait UIInterfaceOrientationPortraitUpsideDown";
				IPHONEOS_DEPLOYMENT_TARGET = 14.0;
				LD_RUNPATH_SEARCH_PATHS = (
					"$(inherited)",
					"@executable_path/Frameworks",
				);
				MARKETING_VERSION = 1.0;
				PRODUCT_BUNDLE_IDENTIFIER = com.ChristinaStepanok.NewsLine;
				PRODUCT_NAME = "$(TARGET_NAME)";
				SUPPORTED_PLATFORMS = "iphoneos iphonesimulator";
				SUPPORTS_MACCATALYST = NO;
				SUPPORTS_MAC_DESIGNED_FOR_IPHONE_IPAD = NO;
				SWIFT_EMIT_LOC_STRINGS = YES;
				SWIFT_VERSION = 5.0;
				TARGETED_DEVICE_FAMILY = 1;
			};
			name = Debug;
		};
		85F19C6C2AA2115C005842AA /* Release */ = {
			isa = XCBuildConfiguration;
			baseConfigurationReference = D7F6D2850FC2F18E38F77B75 /* Pods-NewsLine.release.xcconfig */;
			buildSettings = {
				ASSETCATALOG_COMPILER_APPICON_NAME = AppIcon;
				ASSETCATALOG_COMPILER_GLOBAL_ACCENT_COLOR_NAME = AccentColor;
				CODE_SIGN_STYLE = Automatic;
				CURRENT_PROJECT_VERSION = 1;
				DEVELOPMENT_ASSET_PATHS = "\"NewsLine/Preview Content\"";
				DEVELOPMENT_TEAM = NWJQXY2934;
				ENABLE_PREVIEWS = YES;
				GENERATE_INFOPLIST_FILE = YES;
				INFOPLIST_KEY_UIApplicationSceneManifest_Generation = YES;
				INFOPLIST_KEY_UIApplicationSupportsIndirectInputEvents = YES;
				INFOPLIST_KEY_UILaunchScreen_Generation = YES;
				INFOPLIST_KEY_UISupportedInterfaceOrientations = UIInterfaceOrientationPortrait;
				INFOPLIST_KEY_UISupportedInterfaceOrientations_iPad = "UIInterfaceOrientationLandscapeLeft UIInterfaceOrientationLandscapeRight UIInterfaceOrientationPortrait UIInterfaceOrientationPortraitUpsideDown";
				IPHONEOS_DEPLOYMENT_TARGET = 14.0;
				LD_RUNPATH_SEARCH_PATHS = (
					"$(inherited)",
					"@executable_path/Frameworks",
				);
				MARKETING_VERSION = 1.0;
				PRODUCT_BUNDLE_IDENTIFIER = com.ChristinaStepanok.NewsLine;
				PRODUCT_NAME = "$(TARGET_NAME)";
				SUPPORTED_PLATFORMS = "iphoneos iphonesimulator";
				SUPPORTS_MACCATALYST = NO;
				SUPPORTS_MAC_DESIGNED_FOR_IPHONE_IPAD = NO;
				SWIFT_EMIT_LOC_STRINGS = YES;
				SWIFT_VERSION = 5.0;
				TARGETED_DEVICE_FAMILY = 1;
			};
			name = Release;
		};
		85F19C6E2AA2115C005842AA /* Debug */ = {
			isa = XCBuildConfiguration;
			baseConfigurationReference = D2B39E27CE703ECE1D9837B0 /* Pods-NewsLineTests.debug.xcconfig */;
			buildSettings = {
				ALWAYS_EMBED_SWIFT_STANDARD_LIBRARIES = YES;
				BUNDLE_LOADER = "$(TEST_HOST)";
				CODE_SIGN_STYLE = Automatic;
				CURRENT_PROJECT_VERSION = 1;
				DEVELOPMENT_TEAM = NWJQXY2934;
				GENERATE_INFOPLIST_FILE = YES;
				IPHONEOS_DEPLOYMENT_TARGET = 16.2;
				MARKETING_VERSION = 1.0;
				PRODUCT_BUNDLE_IDENTIFIER = com.ChristinaStepanok.NewsLineTests;
				PRODUCT_NAME = "$(TARGET_NAME)";
				SWIFT_EMIT_LOC_STRINGS = NO;
				SWIFT_VERSION = 5.0;
				TARGETED_DEVICE_FAMILY = "1,2";
				TEST_HOST = "$(BUILT_PRODUCTS_DIR)/NewsLine.app/$(BUNDLE_EXECUTABLE_FOLDER_PATH)/NewsLine";
			};
			name = Debug;
		};
		85F19C6F2AA2115C005842AA /* Release */ = {
			isa = XCBuildConfiguration;
			baseConfigurationReference = C029A8DD266738AA05273827 /* Pods-NewsLineTests.release.xcconfig */;
			buildSettings = {
				ALWAYS_EMBED_SWIFT_STANDARD_LIBRARIES = YES;
				BUNDLE_LOADER = "$(TEST_HOST)";
				CODE_SIGN_STYLE = Automatic;
				CURRENT_PROJECT_VERSION = 1;
				DEVELOPMENT_TEAM = NWJQXY2934;
				GENERATE_INFOPLIST_FILE = YES;
				IPHONEOS_DEPLOYMENT_TARGET = 16.2;
				MARKETING_VERSION = 1.0;
				PRODUCT_BUNDLE_IDENTIFIER = com.ChristinaStepanok.NewsLineTests;
				PRODUCT_NAME = "$(TARGET_NAME)";
				SWIFT_EMIT_LOC_STRINGS = NO;
				SWIFT_VERSION = 5.0;
				TARGETED_DEVICE_FAMILY = "1,2";
				TEST_HOST = "$(BUILT_PRODUCTS_DIR)/NewsLine.app/$(BUNDLE_EXECUTABLE_FOLDER_PATH)/NewsLine";
			};
			name = Release;
		};
		85F19C712AA2115C005842AA /* Debug */ = {
			isa = XCBuildConfiguration;
			baseConfigurationReference = DDE508A2991BDDFEB61D070B /* Pods-NewsLine-NewsLineUITests.debug.xcconfig */;
			buildSettings = {
				ALWAYS_EMBED_SWIFT_STANDARD_LIBRARIES = YES;
				CODE_SIGN_STYLE = Automatic;
				CURRENT_PROJECT_VERSION = 1;
				DEVELOPMENT_TEAM = NWJQXY2934;
				GENERATE_INFOPLIST_FILE = YES;
				MARKETING_VERSION = 1.0;
				PRODUCT_BUNDLE_IDENTIFIER = com.ChristinaStepanok.NewsLineUITests;
				PRODUCT_NAME = "$(TARGET_NAME)";
				SWIFT_EMIT_LOC_STRINGS = NO;
				SWIFT_VERSION = 5.0;
				TARGETED_DEVICE_FAMILY = "1,2";
				TEST_TARGET_NAME = NewsLine;
			};
			name = Debug;
		};
		85F19C722AA2115C005842AA /* Release */ = {
			isa = XCBuildConfiguration;
			baseConfigurationReference = F13DD4802EF399A71E30DCD4 /* Pods-NewsLine-NewsLineUITests.release.xcconfig */;
			buildSettings = {
				ALWAYS_EMBED_SWIFT_STANDARD_LIBRARIES = YES;
				CODE_SIGN_STYLE = Automatic;
				CURRENT_PROJECT_VERSION = 1;
				DEVELOPMENT_TEAM = NWJQXY2934;
				GENERATE_INFOPLIST_FILE = YES;
				MARKETING_VERSION = 1.0;
				PRODUCT_BUNDLE_IDENTIFIER = com.ChristinaStepanok.NewsLineUITests;
				PRODUCT_NAME = "$(TARGET_NAME)";
				SWIFT_EMIT_LOC_STRINGS = NO;
				SWIFT_VERSION = 5.0;
				TARGETED_DEVICE_FAMILY = "1,2";
				TEST_TARGET_NAME = NewsLine;
			};
			name = Release;
		};
/* End XCBuildConfiguration section */

/* Begin XCConfigurationList section */
		85F19C412AA21159005842AA /* Build configuration list for PBXProject "NewsLine" */ = {
			isa = XCConfigurationList;
			buildConfigurations = (
				85F19C682AA2115C005842AA /* Debug */,
				85F19C692AA2115C005842AA /* Release */,
			);
			defaultConfigurationIsVisible = 0;
			defaultConfigurationName = Release;
		};
		85F19C6A2AA2115C005842AA /* Build configuration list for PBXNativeTarget "NewsLine" */ = {
			isa = XCConfigurationList;
			buildConfigurations = (
				85F19C6B2AA2115C005842AA /* Debug */,
				85F19C6C2AA2115C005842AA /* Release */,
			);
			defaultConfigurationIsVisible = 0;
			defaultConfigurationName = Release;
		};
		85F19C6D2AA2115C005842AA /* Build configuration list for PBXNativeTarget "NewsLineTests" */ = {
			isa = XCConfigurationList;
			buildConfigurations = (
				85F19C6E2AA2115C005842AA /* Debug */,
				85F19C6F2AA2115C005842AA /* Release */,
			);
			defaultConfigurationIsVisible = 0;
			defaultConfigurationName = Release;
		};
		85F19C702AA2115C005842AA /* Build configuration list for PBXNativeTarget "NewsLineUITests" */ = {
			isa = XCConfigurationList;
			buildConfigurations = (
				85F19C712AA2115C005842AA /* Debug */,
				85F19C722AA2115C005842AA /* Release */,
			);
			defaultConfigurationIsVisible = 0;
			defaultConfigurationName = Release;
		};
/* End XCConfigurationList section */
	};
	rootObject = 85F19C3E2AA21159005842AA /* Project object */;
}
